{
  "nodes": {
    "fenix": {
      "inputs": {
        "nixpkgs": [
          "nixpkgs"
        ],
        "rust-analyzer-src": "rust-analyzer-src"
      },
      "locked": {
        "lastModified": 1685168399,
        "narHash": "sha256-QQJtv8THeKLtUtPdpqg2d638+c8yXKcwPmKx42oFqJ0=",
        "owner": "nix-community",
        "repo": "fenix",
        "rev": "cd56ae0389d59084fad87be375bc480e3874cade",
        "type": "github"
      },
      "original": {
        "owner": "nix-community",
        "repo": "fenix",
        "type": "github"
      }
    },
    "nixpkgs": {
      "locked": {
        "lastModified": 1685012353,
        "narHash": "sha256-U3oOge4cHnav8OLGdRVhL45xoRj4Ppd+It6nPC9nNIU=",
        "owner": "NixOS",
        "repo": "nixpkgs",
        "rev": "aeb75dba965e790de427b73315d5addf91a54955",
        "type": "github"
      },
      "original": {
        "owner": "NixOS",
        "ref": "nixpkgs-unstable",
        "repo": "nixpkgs",
        "type": "github"
      }
    },
    "root": {
      "inputs": {
        "fenix": "fenix",
        "nixpkgs": "nixpkgs",
        "rust-manifest": "rust-manifest"
      }
    },
    "rust-analyzer-src": {
      "flake": false,
      "locked": {
        "lastModified": 1685134880,
        "narHash": "sha256-YDhfh7PVYdTJSBTKRR+Hc3ViZqDjMrYvwUt7ksPWJIo=",
        "owner": "rust-lang",
        "repo": "rust-analyzer",
        "rev": "1b5523a8cdc46dfdc5170203cf6bc4e65f4515f6",
        "type": "github"
      },
      "original": {
        "owner": "rust-lang",
        "ref": "nightly",
        "repo": "rust-analyzer",
        "type": "github"
      }
    },
    "rust-manifest": {
      "flake": false,
      "locked": {
        "narHash": "sha256-lUC138KTHSwfGqf3bL9ug7v4/IY3Y0uA9+hBAqM/iW4=",
        "type": "file",
        "url": "https://static.rust-lang.org/dist/2023-02-22/channel-rust-nightly.toml"
      },
      "original": {
        "type": "file",
        "url": "https://static.rust-lang.org/dist/2023-02-22/channel-rust-nightly.toml"
      }
    }
  },
  "root": "root",
  "version": 7
}
