{
  "nodes": {
    "fenix": {
      "inputs": {
        "nixpkgs": [
          "nixpkgs"
        ],
        "rust-analyzer-src": "rust-analyzer-src"
      },
      "locked": {
        "lastModified": 1696054802,
        "narHash": "sha256-VTON/WlYeyzFoYwwsb8KveqJJCfWEI6NtZYHcAFKBuo=",
        "owner": "nix-community",
        "repo": "fenix",
        "rev": "3116ee073ab3931c78328ca126224833c95e6227",
        "type": "github"
      },
      "original": {
        "owner": "nix-community",
        "repo": "fenix",
        "type": "github"
      }
    },
    "nixpkgs": {
      "locked": {
        "lastModified": 1696136334,
        "narHash": "sha256-jrFawueRxytLp5ajiS2ZAUVws1ZAno50x5AmuCSPBzg=",
        "owner": "NixOS",
        "repo": "nixpkgs",
        "rev": "dd8af63ff7683947008161126020971ddc5091d6",
        "type": "github"
      },
      "original": {
        "owner": "NixOS",
        "ref": "master",
        "repo": "nixpkgs",
        "type": "github"
      }
    },
    "root": {
      "inputs": {
        "fenix": "fenix",
        "nixpkgs": "nixpkgs",
        "rust-manifest": "rust-manifest",
        "systems": "systems"
      }
    },
    "rust-analyzer-src": {
      "flake": false,
      "locked": {
        "lastModified": 1696014495,
        "narHash": "sha256-TcDFXRK9weJ1yCQyo6zxRhLfYHe/GcXDbSUpiszNCuw=",
        "owner": "rust-lang",
        "repo": "rust-analyzer",
        "rev": "4791a5de21735e3d9414d131a4f973da9bae0537",
        "type": "github"
      },
      "original": {
        "owner": "rust-lang",
        "ref": "nightly",
        "repo": "rust-analyzer",
        "type": "github"
      }
    },
    "rust-manifest": {
      "flake": false,
      "locked": {
        "narHash": "sha256-emILH39kZmz9D2cquaobdM55EakoGkUxn1sY3r1iYNg=",
        "type": "file",
        "url": "https://static.rust-lang.org/dist/2023-07-08/channel-rust-nightly.toml"
      },
      "original": {
        "type": "file",
        "url": "https://static.rust-lang.org/dist/2023-07-08/channel-rust-nightly.toml"
      }
    },
    "systems": {
      "locked": {
        "lastModified": 1687694171,
        "narHash": "sha256-m4E0xN69qKj/oKOj8OtiZcSFpFlO8paI6E3Wo5oXDJc=",
        "owner": "msfjarvis",
        "repo": "flake-systems",
        "rev": "7876462a5f60841e8b2712ad20dc18470f448e8d",
        "type": "github"
      },
      "original": {
        "owner": "msfjarvis",
        "repo": "flake-systems",
        "type": "github"
      }
    }
  },
  "root": "root",
  "version": 7
}
